{
  "name": "kanbanqube",
  "version": "1.0.0",
  "lockfileVersion": 3,
  "requires": true,
  "packages": {
    "": {
      "name": "kanbanqube",
      "version": "1.0.0",
      "license": "Apache-2.0",
      "bin": {
        "kanbanqube": "server.js"
      },
      "engines": {
        "node": ">=18"
      }
    }
  }
}
